
Microsoft Visual Studio Solution File, Format Version 12.00
# Visual Studio Version 17
VisualStudioVersion = 17.3.32901.215
MinimumVisualStudioVersion = 10.0.40219.1
Project("{FAE04EC0-301F-11D3-BF4B-00C04F79EFBC}") = "CircleStandard", "CircleStandard\CircleStandard.csproj", "{B4DD60A7-3F97-4340-ABCE-94C3806A6823}"
EndProject
Global
	GlobalSection(SolutionConfigurationPlatforms) = preSolution
		Debug|Any CPU = Debug|Any CPU
		Debug|x64 = Debug|x64
		Release|Any CPU = Release|Any CPU
		Release|x64 = Release|x64
	EndGlobalSection
	GlobalSection(ProjectConfigurationPlatforms) = postSolution
		{B4DD60A7-3F97-4340-ABCE-94C3806A6823}.Debug|Any CPU.ActiveCfg = Debug|Any CPU
		{B4DD60A7-3F97-4340-ABCE-94C3806A6823}.Debug|Any CPU.Build.0 = Debug|Any CPU
		{B4DD60A7-3F97-4340-ABCE-94C3806A6823}.Debug|x64.ActiveCfg = Debug|x64
		{B4DD60A7-3F97-4340-ABCE-94C3806A6823}.Debug|x64.Build.0 = Debug|x64
		{B4DD60A7-3F97-4340-ABCE-94C3806A6823}.Release|Any CPU.ActiveCfg = Release|Any CPU
		{B4DD60A7-3F97-4340-ABCE-94C3806A6823}.Release|Any CPU.Build.0 = Release|Any CPU
		{B4DD60A7-3F97-4340-ABCE-94C3806A6823}.Release|x64.ActiveCfg = Release|x64
		{B4DD60A7-3F97-4340-ABCE-94C3806A6823}.Release|x64.Build.0 = Release|x64
	EndGlobalSection
	GlobalSection(SolutionProperties) = preSolution
		HideSolutionNode = FALSE
	EndGlobalSection
	GlobalSection(ExtensibilityGlobals) = postSolution
		SolutionGuid = {B80A93E3-4B99-46C0-B415-EDF4F4E8340A}
	EndGlobalSection
EndGlobal
